// !$*UTF8*$!
{
	archiveVersion = 1;
	classes = {
	};
	objectVersion = 50;
	objects = {

/* Begin PBXBuildFile section */
		A918E26923C9CA5800DDE4BD /* AppDelegate.swift in Sources */ = {isa = PBXBuildFile; fileRef = A918E26823C9CA5800DDE4BD /* AppDelegate.swift */; };
		A918E26B23C9CA5800DDE4BD /* ViewController.swift in Sources */ = {isa = PBXBuildFile; fileRef = A918E26A23C9CA5800DDE4BD /* ViewController.swift */; };
		A918E26E23C9CA5800DDE4BD /* Main.storyboard in Resources */ = {isa = PBXBuildFile; fileRef = A918E26C23C9CA5800DDE4BD /* Main.storyboard */; };
		A918E27123C9CA5800DDE4BD /* payingQR.xcdatamodeld in Sources */ = {isa = PBXBuildFile; fileRef = A918E26F23C9CA5800DDE4BD /* payingQR.xcdatamodeld */; };
		A918E27323C9CA5A00DDE4BD /* Assets.xcassets in Resources */ = {isa = PBXBuildFile; fileRef = A918E27223C9CA5A00DDE4BD /* Assets.xcassets */; };
		A918E27623C9CA5A00DDE4BD /* LaunchScreen.storyboard in Resources */ = {isa = PBXBuildFile; fileRef = A918E27423C9CA5A00DDE4BD /* LaunchScreen.storyboard */; };
		A918E28123C9CA5A00DDE4BD /* payingQRTests.swift in Sources */ = {isa = PBXBuildFile; fileRef = A918E28023C9CA5A00DDE4BD /* payingQRTests.swift */; };
		A918E28C23C9CA5A00DDE4BD /* payingQRUITests.swift in Sources */ = {isa = PBXBuildFile; fileRef = A918E28B23C9CA5A00DDE4BD /* payingQRUITests.swift */; };
/* End PBXBuildFile section */

/* Begin PBXContainerItemProxy section */
		A918E27D23C9CA5A00DDE4BD /* PBXContainerItemProxy */ = {
			isa = PBXContainerItemProxy;
			containerPortal = A918E25D23C9CA5800DDE4BD /* Project object */;
			proxyType = 1;
			remoteGlobalIDString = A918E26423C9CA5800DDE4BD;
			remoteInfo = payingQR;
		};
		A918E28823C9CA5A00DDE4BD /* PBXContainerItemProxy */ = {
			isa = PBXContainerItemProxy;
			containerPortal = A918E25D23C9CA5800DDE4BD /* Project object */;
			proxyType = 1;
			remoteGlobalIDString = A918E26423C9CA5800DDE4BD;
			remoteInfo = payingQR;
		};
/* End PBXContainerItemProxy section */

/* Begin PBXFileReference section */
		A918E26523C9CA5800DDE4BD /* payingQR.app */ = {isa = PBXFileReference; explicitFileType = wrapper.application; includeInIndex = 0; path = payingQR.app; sourceTree = BUILT_PRODUCTS_DIR; };
		A918E26823C9CA5800DDE4BD /* AppDelegate.swift */ = {isa = PBXFileReference; lastKnownFileType = sourcecode.swift; path = AppDelegate.swift; sourceTree = "<group>"; };
		A918E26A23C9CA5800DDE4BD /* ViewController.swift */ = {isa = PBXFileReference; lastKnownFileType = sourcecode.swift; path = ViewController.swift; sourceTree = "<group>"; };
		A918E26D23C9CA5800DDE4BD /* Base */ = {isa = PBXFileReference; lastKnownFileType = file.storyboard; name = Base; path = Base.lproj/Main.storyboard; sourceTree = "<group>"; };
		A918E27023C9CA5800DDE4BD /* payingQR.xcdatamodel */ = {isa = PBXFileReference; lastKnownFileType = wrapper.xcdatamodel; path = payingQR.xcdatamodel; sourceTree = "<group>"; };
		A918E27223C9CA5A00DDE4BD /* Assets.xcassets */ = {isa = PBXFileReference; lastKnownFileType = folder.assetcatalog; path = Assets.xcassets; sourceTree = "<group>"; };
		A918E27523C9CA5A00DDE4BD /* Base */ = {isa = PBXFileReference; lastKnownFileType = file.storyboard; name = Base; path = Base.lproj/LaunchScreen.storyboard; sourceTree = "<group>"; };
		A918E27723C9CA5A00DDE4BD /* Info.plist */ = {isa = PBXFileReference; lastKnownFileType = text.plist.xml; path = Info.plist; sourceTree = "<group>"; };
		A918E27C23C9CA5A00DDE4BD /* payingQRTests.xctest */ = {isa = PBXFileReference; explicitFileType = wrapper.cfbundle; includeInIndex = 0; path = payingQRTests.xctest; sourceTree = BUILT_PRODUCTS_DIR; };
		A918E28023C9CA5A00DDE4BD /* payingQRTests.swift */ = {isa = PBXFileReference; lastKnownFileType = sourcecode.swift; path = payingQRTests.swift; sourceTree = "<group>"; };
		A918E28223C9CA5A00DDE4BD /* Info.plist */ = {isa = PBXFileReference; lastKnownFileType = text.plist.xml; path = Info.plist; sourceTree = "<group>"; };
		A918E28723C9CA5A00DDE4BD /* payingQRUITests.xctest */ = {isa = PBXFileReference; explicitFileType = wrapper.cfbundle; includeInIndex = 0; path = payingQRUITests.xctest; sourceTree = BUILT_PRODUCTS_DIR; };
		A918E28B23C9CA5A00DDE4BD /* payingQRUITests.swift */ = {isa = PBXFileReference; lastKnownFileType = sourcecode.swift; path = payingQRUITests.swift; sourceTree = "<group>"; };
		A918E28D23C9CA5A00DDE4BD /* Info.plist */ = {isa = PBXFileReference; lastKnownFileType = text.plist.xml; path = Info.plist; sourceTree = "<group>"; };
/* End PBXFileReference section */

/* Begin PBXFrameworksBuildPhase section */
		A918E26223C9CA5800DDE4BD /* Frameworks */ = {
			isa = PBXFrameworksBuildPhase;
			buildActionMask = 2147483647;
			files = (
			);
			runOnlyForDeploymentPostprocessing = 0;
		};
		A918E27923C9CA5A00DDE4BD /* Frameworks */ = {
			isa = PBXFrameworksBuildPhase;
			buildActionMask = 2147483647;
			files = (
			);
			runOnlyForDeploymentPostprocessing = 0;
		};
		A918E28423C9CA5A00DDE4BD /* Frameworks */ = {
			isa = PBXFrameworksBuildPhase;
			buildActionMask = 2147483647;
			files = (
			);
			runOnlyForDeploymentPostprocessing = 0;
		};
/* End PBXFrameworksBuildPhase section */

/* Begin PBXGroup section */
		A918E25C23C9CA5800DDE4BD = {
			isa = PBXGroup;
			children = (
				A918E26723C9CA5800DDE4BD /* payingQR */,
				A918E27F23C9CA5A00DDE4BD /* payingQRTests */,
				A918E28A23C9CA5A00DDE4BD /* payingQRUITests */,
				A918E26623C9CA5800DDE4BD /* Products */,
			);
			sourceTree = "<group>";
		};
		A918E26623C9CA5800DDE4BD /* Products */ = {
			isa = PBXGroup;
			children = (
				A918E26523C9CA5800DDE4BD /* payingQR.app */,
				A918E27C23C9CA5A00DDE4BD /* payingQRTests.xctest */,
				A918E28723C9CA5A00DDE4BD /* payingQRUITests.xctest */,
			);
			name = Products;
			sourceTree = "<group>";
		};
		A918E26723C9CA5800DDE4BD /* payingQR */ = {
			isa = PBXGroup;
			children = (
				A918E26823C9CA5800DDE4BD /* AppDelegate.swift */,
				A918E26A23C9CA5800DDE4BD /* ViewController.swift */,
				A918E26C23C9CA5800DDE4BD /* Main.storyboard */,
				A918E27223C9CA5A00DDE4BD /* Assets.xcassets */,
				A918E27423C9CA5A00DDE4BD /* LaunchScreen.storyboard */,
				A918E27723C9CA5A00DDE4BD /* Info.plist */,
				A918E26F23C9CA5800DDE4BD /* payingQR.xcdatamodeld */,
			);
			path = payingQR;
			sourceTree = "<group>";
		};
		A918E27F23C9CA5A00DDE4BD /* payingQRTests */ = {
			isa = PBXGroup;
			children = (
				A918E28023C9CA5A00DDE4BD /* payingQRTests.swift */,
				A918E28223C9CA5A00DDE4BD /* Info.plist */,
			);
			path = payingQRTests;
			sourceTree = "<group>";
		};
		A918E28A23C9CA5A00DDE4BD /* payingQRUITests */ = {
			isa = PBXGroup;
			children = (
				A918E28B23C9CA5A00DDE4BD /* payingQRUITests.swift */,
				A918E28D23C9CA5A00DDE4BD /* Info.plist */,
			);
			path = payingQRUITests;
			sourceTree = "<group>";
		};
/* End PBXGroup section */

/* Begin PBXNativeTarget section */
		A918E26423C9CA5800DDE4BD /* payingQR */ = {
			isa = PBXNativeTarget;
			buildConfigurationList = A918E29023C9CA5A00DDE4BD /* Build configuration list for PBXNativeTarget "payingQR" */;
			buildPhases = (
				A918E26123C9CA5800DDE4BD /* Sources */,
				A918E26223C9CA5800DDE4BD /* Frameworks */,
				A918E26323C9CA5800DDE4BD /* Resources */,
			);
			buildRules = (
			);
			dependencies = (
			);
			name = payingQR;
			productName = payingQR;
			productReference = A918E26523C9CA5800DDE4BD /* payingQR.app */;
			productType = "com.apple.product-type.application";
		};
		A918E27B23C9CA5A00DDE4BD /* payingQRTests */ = {
			isa = PBXNativeTarget;
			buildConfigurationList = A918E29323C9CA5A00DDE4BD /* Build configuration list for PBXNativeTarget "payingQRTests" */;
			buildPhases = (
				A918E27823C9CA5A00DDE4BD /* Sources */,
				A918E27923C9CA5A00DDE4BD /* Frameworks */,
				A918E27A23C9CA5A00DDE4BD /* Resources */,
			);
			buildRules = (
			);
			dependencies = (
				A918E27E23C9CA5A00DDE4BD /* PBXTargetDependency */,
			);
			name = payingQRTests;
			productName = payingQRTests;
			productReference = A918E27C23C9CA5A00DDE4BD /* payingQRTests.xctest */;
			productType = "com.apple.product-type.bundle.unit-test";
		};
		A918E28623C9CA5A00DDE4BD /* payingQRUITests */ = {
			isa = PBXNativeTarget;
			buildConfigurationList = A918E29623C9CA5A00DDE4BD /* Build configuration list for PBXNativeTarget "payingQRUITests" */;
			buildPhases = (
				A918E28323C9CA5A00DDE4BD /* Sources */,
				A918E28423C9CA5A00DDE4BD /* Frameworks */,
				A918E28523C9CA5A00DDE4BD /* Resources */,
			);
			buildRules = (
			);
			dependencies = (
				A918E28923C9CA5A00DDE4BD /* PBXTargetDependency */,
			);
			name = payingQRUITests;
			productName = payingQRUITests;
			productReference = A918E28723C9CA5A00DDE4BD /* payingQRUITests.xctest */;
			productType = "com.apple.product-type.bundle.ui-testing";
		};
/* End PBXNativeTarget section */

/* Begin PBXProject section */
		A918E25D23C9CA5800DDE4BD /* Project object */ = {
			isa = PBXProject;
			attributes = {
				LastSwiftUpdateCheck = 1030;
				LastUpgradeCheck = 1030;
				ORGANIZATIONNAME = "alejandro david perez morales";
				TargetAttributes = {
					A918E26423C9CA5800DDE4BD = {
						CreatedOnToolsVersion = 10.3;
					};
					A918E27B23C9CA5A00DDE4BD = {
						CreatedOnToolsVersion = 10.3;
						TestTargetID = A918E26423C9CA5800DDE4BD;
					};
					A918E28623C9CA5A00DDE4BD = {
						CreatedOnToolsVersion = 10.3;
						TestTargetID = A918E26423C9CA5800DDE4BD;
					};
				};
			};
			buildConfigurationList = A918E26023C9CA5800DDE4BD /* Build configuration list for PBXProject "payingQR" */;
			compatibilityVersion = "Xcode 9.3";
			developmentRegion = en;
			hasScannedForEncodings = 0;
			knownRegions = (
				en,
				Base,
			);
			mainGroup = A918E25C23C9CA5800DDE4BD;
			productRefGroup = A918E26623C9CA5800DDE4BD /* Products */;
			projectDirPath = "";
			projectRoot = "";
			targets = (
				A918E26423C9CA5800DDE4BD /* payingQR */,
				A918E27B23C9CA5A00DDE4BD /* payingQRTests */,
				A918E28623C9CA5A00DDE4BD /* payingQRUITests */,
			);
		};
/* End PBXProject section */

/* Begin PBXResourcesBuildPhase section */
		A918E26323C9CA5800DDE4BD /* Resources */ = {
			isa = PBXResourcesBuildPhase;
			buildActionMask = 2147483647;
			files = (
				A918E27623C9CA5A00DDE4BD /* LaunchScreen.storyboard in Resources */,
				A918E27323C9CA5A00DDE4BD /* Assets.xcassets in Resources */,
				A918E26E23C9CA5800DDE4BD /* Main.storyboard in Resources */,
			);
			runOnlyForDeploymentPostprocessing = 0;
		};
		A918E27A23C9CA5A00DDE4BD /* Resources */ = {
			isa = PBXResourcesBuildPhase;
			buildActionMask = 2147483647;
			files = (
			);
			runOnlyForDeploymentPostprocessing = 0;
		};
		A918E28523C9CA5A00DDE4BD /* Resources */ = {
			isa = PBXResourcesBuildPhase;
			buildActionMask = 2147483647;
			files = (
			);
			runOnlyForDeploymentPostprocessing = 0;
		};
/* End PBXResourcesBuildPhase section */

/* Begin PBXSourcesBuildPhase section */
		A918E26123C9CA5800DDE4BD /* Sources */ = {
			isa = PBXSourcesBuildPhase;
			buildActionMask = 2147483647;
			files = (
				A918E26B23C9CA5800DDE4BD /* ViewController.swift in Sources */,
				A918E27123C9CA5800DDE4BD /* payingQR.xcdatamodeld in Sources */,
				A918E26923C9CA5800DDE4BD /* AppDelegate.swift in Sources */,
			);
			runOnlyForDeploymentPostprocessing = 0;
		};
		A918E27823C9CA5A00DDE4BD /* Sources */ = {
			isa = PBXSourcesBuildPhase;
			buildActionMask = 2147483647;
			files = (
				A918E28123C9CA5A00DDE4BD /* payingQRTests.swift in Sources */,
			);
			runOnlyForDeploymentPostprocessing = 0;
		};
		A918E28323C9CA5A00DDE4BD /* Sources */ = {
			isa = PBXSourcesBuildPhase;
			buildActionMask = 2147483647;
			files = (
				A918E28C23C9CA5A00DDE4BD /* payingQRUITests.swift in Sources */,
			);
			runOnlyForDeploymentPostprocessing = 0;
		};
/* End PBXSourcesBuildPhase section */

/* Begin PBXTargetDependency section */
		A918E27E23C9CA5A00DDE4BD /* PBXTargetDependency */ = {
			isa = PBXTargetDependency;
			target = A918E26423C9CA5800DDE4BD /* payingQR */;
			targetProxy = A918E27D23C9CA5A00DDE4BD /* PBXContainerItemProxy */;
		};
		A918E28923C9CA5A00DDE4BD /* PBXTargetDependency */ = {
			isa = PBXTargetDependency;
			target = A918E26423C9CA5800DDE4BD /* payingQR */;
			targetProxy = A918E28823C9CA5A00DDE4BD /* PBXContainerItemProxy */;
		};
/* End PBXTargetDependency section */

/* Begin PBXVariantGroup section */
		A918E26C23C9CA5800DDE4BD /* Main.storyboard */ = {
			isa = PBXVariantGroup;
			children = (
				A918E26D23C9CA5800DDE4BD /* Base */,
			);
			name = Main.storyboard;
			sourceTree = "<group>";
		};
		A918E27423C9CA5A00DDE4BD /* LaunchScreen.storyboard */ = {
			isa = PBXVariantGroup;
			children = (
				A918E27523C9CA5A00DDE4BD /* Base */,
			);
			name = LaunchScreen.storyboard;
			sourceTree = "<group>";
		};
/* End PBXVariantGroup section */

/* Begin XCBuildConfiguration section */
		A918E28E23C9CA5A00DDE4BD /* Debug */ = {
			isa = XCBuildConfiguration;
			buildSettings = {
				ALWAYS_SEARCH_USER_PATHS = NO;
				CLANG_ANALYZER_NONNULL = YES;
				CLANG_ANALYZER_NUMBER_OBJECT_CONVERSION = YES_AGGRESSIVE;
				CLANG_CXX_LANGUAGE_STANDARD = "gnu++14";
				CLANG_CXX_LIBRARY = "libc++";
				CLANG_ENABLE_MODULES = YES;
				CLANG_ENABLE_OBJC_ARC = YES;
				CLANG_ENABLE_OBJC_WEAK = YES;
				CLANG_WARN_BLOCK_CAPTURE_AUTORELEASING = YES;
				CLANG_WARN_BOOL_CONVERSION = YES;
				CLANG_WARN_COMMA = YES;
				CLANG_WARN_CONSTANT_CONVERSION = YES;
				CLANG_WARN_DEPRECATED_OBJC_IMPLEMENTATIONS = YES;
				CLANG_WARN_DIRECT_OBJC_ISA_USAGE = YES_ERROR;
				CLANG_WARN_DOCUMENTATION_COMMENTS = YES;
				CLANG_WARN_EMPTY_BODY = YES;
				CLANG_WARN_ENUM_CONVERSION = YES;
				CLANG_WARN_INFINITE_RECURSION = YES;
				CLANG_WARN_INT_CONVERSION = YES;
				CLANG_WARN_NON_LITERAL_NULL_CONVERSION = YES;
				CLANG_WARN_OBJC_IMPLICIT_RETAIN_SELF = YES;
				CLANG_WARN_OBJC_LITERAL_CONVERSION = YES;
				CLANG_WARN_OBJC_ROOT_CLASS = YES_ERROR;
				CLANG_WARN_RANGE_LOOP_ANALYSIS = YES;
				CLANG_WARN_STRICT_PROTOTYPES = YES;
				CLANG_WARN_SUSPICIOUS_MOVE = YES;
				CLANG_WARN_UNGUARDED_AVAILABILITY = YES_AGGRESSIVE;
				CLANG_WARN_UNREACHABLE_CODE = YES;
				CLANG_WARN__DUPLICATE_METHOD_MATCH = YES;
				CODE_SIGN_IDENTITY = "iPhone Developer";
				COPY_PHASE_STRIP = NO;
				DEBUG_INFORMATION_FORMAT = dwarf;
				ENABLE_STRICT_OBJC_MSGSEND = YES;
				ENABLE_TESTABILITY = YES;
				GCC_C_LANGUAGE_STANDARD = gnu11;
				GCC_DYNAMIC_NO_PIC = NO;
				GCC_NO_COMMON_BLOCKS = YES;
				GCC_OPTIMIZATION_LEVEL = 0;
				GCC_PREPROCESSOR_DEFINITIONS = (
					"DEBUG=1",
					"$(inherited)",
				);
				GCC_WARN_64_TO_32_BIT_CONVERSION = YES;
				GCC_WARN_ABOUT_RETURN_TYPE = YES_ERROR;
				GCC_WARN_UNDECLARED_SELECTOR = YES;
				GCC_WARN_UNINITIALIZED_AUTOS = YES_AGGRESSIVE;
				GCC_WARN_UNUSED_FUNCTION = YES;
				GCC_WARN_UNUSED_VARIABLE = YES;
				IPHONEOS_DEPLOYMENT_TARGET = 12.4;
				MTL_ENABLE_DEBUG_INFO = INCLUDE_SOURCE;
				MTL_FAST_MATH = YES;
				ONLY_ACTIVE_ARCH = YES;
				SDKROOT = iphoneos;
				SWIFT_ACTIVE_COMPILATION_CONDITIONS = DEBUG;
				SWIFT_OPTIMIZATION_LEVEL = "-Onone";
			};
			name = Debug;
		};
		A918E28F23C9CA5A00DDE4BD /* Release */ = {
			isa = XCBuildConfiguration;
			buildSettings = {
				ALWAYS_SEARCH_USER_PATHS = NO;
				CLANG_ANALYZER_NONNULL = YES;
				CLANG_ANALYZER_NUMBER_OBJECT_CONVERSION = YES_AGGRESSIVE;
				CLANG_CXX_LANGUAGE_STANDARD = "gnu++14";
				CLANG_CXX_LIBRARY = "libc++";
				CLANG_ENABLE_MODULES = YES;
				CLANG_ENABLE_OBJC_ARC = YES;
				CLANG_ENABLE_OBJC_WEAK = YES;
				CLANG_WARN_BLOCK_CAPTURE_AUTORELEASING = YES;
				CLANG_WARN_BOOL_CONVERSION = YES;
				CLANG_WARN_COMMA = YES;
				CLANG_WARN_CONSTANT_CONVERSION = YES;
				CLANG_WARN_DEPRECATED_OBJC_IMPLEMENTATIONS = YES;
				CLANG_WARN_DIRECT_OBJC_ISA_USAGE = YES_ERROR;
				CLANG_WARN_DOCUMENTATION_COMMENTS = YES;
				CLANG_WARN_EMPTY_BODY = YES;
				CLANG_WARN_ENUM_CONVERSION = YES;
				CLANG_WARN_INFINITE_RECURSION = YES;
				CLANG_WARN_INT_CONVERSION = YES;
				CLANG_WARN_NON_LITERAL_NULL_CONVERSION = YES;
				CLANG_WARN_OBJC_IMPLICIT_RETAIN_SELF = YES;
				CLANG_WARN_OBJC_LITERAL_CONVERSION = YES;
				CLANG_WARN_OBJC_ROOT_CLASS = YES_ERROR;
				CLANG_WARN_RANGE_LOOP_ANALYSIS = YES;
				CLANG_WARN_STRICT_PROTOTYPES = YES;
				CLANG_WARN_SUSPICIOUS_MOVE = YES;
				CLANG_WARN_UNGUARDED_AVAILABILITY = YES_AGGRESSIVE;
				CLANG_WARN_UNREACHABLE_CODE = YES;
				CLANG_WARN__DUPLICATE_METHOD_MATCH = YES;
				CODE_SIGN_IDENTITY = "iPhone Developer";
				COPY_PHASE_STRIP = NO;
				DEBUG_INFORMATION_FORMAT = "dwarf-with-dsym";
				ENABLE_NS_ASSERTIONS = NO;
				ENABLE_STRICT_OBJC_MSGSEND = YES;
				GCC_C_LANGUAGE_STANDARD = gnu11;
				GCC_NO_COMMON_BLOCKS = YES;
				GCC_WARN_64_TO_32_BIT_CONVERSION = YES;
				GCC_WARN_ABOUT_RETURN_TYPE = YES_ERROR;
				GCC_WARN_UNDECLARED_SELECTOR = YES;
				GCC_WARN_UNINITIALIZED_AUTOS = YES_AGGRESSIVE;
				GCC_WARN_UNUSED_FUNCTION = YES;
				GCC_WARN_UNUSED_VARIABLE = YES;
				IPHONEOS_DEPLOYMENT_TARGET = 12.4;
				MTL_ENABLE_DEBUG_INFO = NO;
				MTL_FAST_MATH = YES;
				SDKROOT = iphoneos;
				SWIFT_COMPILATION_MODE = wholemodule;
				SWIFT_OPTIMIZATION_LEVEL = "-O";
				VALIDATE_PRODUCT = YES;
			};
			name = Release;
		};
		A918E29123C9CA5A00DDE4BD /* Debug */ = {
			isa = XCBuildConfiguration;
			buildSettings = {
				ASSETCATALOG_COMPILER_APPICON_NAME = AppIcon;
				CODE_SIGN_STYLE = Automatic;
				DEVELOPMENT_TEAM = LV59CAP7ZX;
				INFOPLIST_FILE = payingQR/Info.plist;
				LD_RUNPATH_SEARCH_PATHS = (
					"$(inherited)",
					"@executable_path/Frameworks",
				);
				PRODUCT_BUNDLE_IDENTIFIER = Test.payingQR;
				PRODUCT_NAME = "$(TARGET_NAME)";
				SWIFT_VERSION = 5.0;
				TARGETED_DEVICE_FAMILY = "1,2";
			};
			name = Debug;
		};
		A918E29223C9CA5A00DDE4BD /* Release */ = {
			isa = XCBuildConfiguration;
			buildSettings = {
				ASSETCATALOG_COMPILER_APPICON_NAME = AppIcon;
				CODE_SIGN_STYLE = Automatic;
				DEVELOPMENT_TEAM = LV59CAP7ZX;
				INFOPLIST_FILE = payingQR/Info.plist;
				LD_RUNPATH_SEARCH_PATHS = (
					"$(inherited)",
					"@executable_path/Frameworks",
				);
				PRODUCT_BUNDLE_IDENTIFIER = Test.payingQR;
				PRODUCT_NAME = "$(TARGET_NAME)";
				SWIFT_VERSION = 5.0;
				TARGETED_DEVICE_FAMILY = "1,2";
			};
			name = Release;
		};
		A918E29423C9CA5A00DDE4BD /* Debug */ = {
			isa = XCBuildConfiguration;
			buildSettings = {
				ALWAYS_EMBED_SWIFT_STANDARD_LIBRARIES = YES;
				BUNDLE_LOADER = "$(TEST_HOST)";
				CODE_SIGN_STYLE = Automatic;
				DEVELOPMENT_TEAM = LV59CAP7ZX;
				INFOPLIST_FILE = payingQRTests/Info.plist;
				LD_RUNPATH_SEARCH_PATHS = (
					"$(inherited)",
					"@executable_path/Frameworks",
					"@loader_path/Frameworks",
				);
				PRODUCT_BUNDLE_IDENTIFIER = Test.payingQRTests;
				PRODUCT_NAME = "$(TARGET_NAME)";
				SWIFT_VERSION = 5.0;
				TARGETED_DEVICE_FAMILY = "1,2";
				TEST_HOST = "$(BUILT_PRODUCTS_DIR)/payingQR.app/payingQR";
			};
			name = Debug;
		};
		A918E29523C9CA5A00DDE4BD /* Release */ = {
			isa = XCBuildConfiguration;
			buildSettings = {
				ALWAYS_EMBED_SWIFT_STANDARD_LIBRARIES = YES;
				BUNDLE_LOADER = "$(TEST_HOST)";
				CODE_SIGN_STYLE = Automatic;
				DEVELOPMENT_TEAM = LV59CAP7ZX;
				INFOPLIST_FILE = payingQRTests/Info.plist;
				LD_RUNPATH_SEARCH_PATHS = (
					"$(inherited)",
					"@executable_path/Frameworks",
					"@loader_path/Frameworks",
				);
				PRODUCT_BUNDLE_IDENTIFIER = Test.payingQRTests;
				PRODUCT_NAME = "$(TARGET_NAME)";
				SWIFT_VERSION = 5.0;
				TARGETED_DEVICE_FAMILY = "1,2";
				TEST_HOST = "$(BUILT_PRODUCTS_DIR)/payingQR.app/payingQR";
			};
			name = Release;
		};
		A918E29723C9CA5A00DDE4BD /* Debug */ = {
			isa = XCBuildConfiguration;
			buildSettings = {
				ALWAYS_EMBED_SWIFT_STANDARD_LIBRARIES = YES;
				CODE_SIGN_STYLE = Automatic;
				DEVELOPMENT_TEAM = LV59CAP7ZX;
				INFOPLIST_FILE = payingQRUITests/Info.plist;
				LD_RUNPATH_SEARCH_PATHS = (
					"$(inherited)",
					"@executable_path/Frameworks",
					"@loader_path/Frameworks",
				);
				PRODUCT_BUNDLE_IDENTIFIER = Test.payingQRUITests;
				PRODUCT_NAME = "$(TARGET_NAME)";
				SWIFT_VERSION = 5.0;
				TARGETED_DEVICE_FAMILY = "1,2";
				TEST_TARGET_NAME = payingQR;
			};
			name = Debug;
		};
		A918E29823C9CA5A00DDE4BD /* Release */ = {
			isa = XCBuildConfiguration;
			buildSettings = {
				ALWAYS_EMBED_SWIFT_STANDARD_LIBRARIES = YES;
				CODE_SIGN_STYLE = Automatic;
				DEVELOPMENT_TEAM = LV59CAP7ZX;
				INFOPLIST_FILE = payingQRUITests/Info.plist;
				LD_RUNPATH_SEARCH_PATHS = (
					"$(inherited)",
					"@executable_path/Frameworks",
					"@loader_path/Frameworks",
				);
				PRODUCT_BUNDLE_IDENTIFIER = Test.payingQRUITests;
				PRODUCT_NAME = "$(TARGET_NAME)";
				SWIFT_VERSION = 5.0;
				TARGETED_DEVICE_FAMILY = "1,2";
				TEST_TARGET_NAME = payingQR;
			};
			name = Release;
		};
/* End XCBuildConfiguration section */

/* Begin XCConfigurationList section */
		A918E26023C9CA5800DDE4BD /* Build configuration list for PBXProject "payingQR" */ = {
			isa = XCConfigurationList;
			buildConfigurations = (
				A918E28E23C9CA5A00DDE4BD /* Debug */,
				A918E28F23C9CA5A00DDE4BD /* Release */,
			);
			defaultConfigurationIsVisible = 0;
			defaultConfigurationName = Release;
		};
		A918E29023C9CA5A00DDE4BD /* Build configuration list for PBXNativeTarget "payingQR" */ = {
			isa = XCConfigurationList;
			buildConfigurations = (
				A918E29123C9CA5A00DDE4BD /* Debug */,
				A918E29223C9CA5A00DDE4BD /* Release */,
			);
			defaultConfigurationIsVisible = 0;
			defaultConfigurationName = Release;
		};
		A918E29323C9CA5A00DDE4BD /* Build configuration list for PBXNativeTarget "payingQRTests" */ = {
			isa = XCConfigurationList;
			buildConfigurations = (
				A918E29423C9CA5A00DDE4BD /* Debug */,
				A918E29523C9CA5A00DDE4BD /* Release */,
			);
			defaultConfigurationIsVisible = 0;
			defaultConfigurationName = Release;
		};
		A918E29623C9CA5A00DDE4BD /* Build configuration list for PBXNativeTarget "payingQRUITests" */ = {
			isa = XCConfigurationList;
			buildConfigurations = (
				A918E29723C9CA5A00DDE4BD /* Debug */,
				A918E29823C9CA5A00DDE4BD /* Release */,
			);
			defaultConfigurationIsVisible = 0;
			defaultConfigurationName = Release;
		};
/* End XCConfigurationList section */

/* Begin XCVersionGroup section */
		A918E26F23C9CA5800DDE4BD /* payingQR.xcdatamodeld */ = {
			isa = XCVersionGroup;
			children = (
				A918E27023C9CA5800DDE4BD /* payingQR.xcdatamodel */,
			);
			currentVersion = A918E27023C9CA5800DDE4BD /* payingQR.xcdatamodel */;
			path = payingQR.xcdatamodeld;
			sourceTree = "<group>";
			versionGroupType = wrapper.xcdatamodel;
		};
/* End XCVersionGroup section */
	};
	rootObject = A918E25D23C9CA5800DDE4BD /* Project object */;
}
